Microsoft Visual Studio Solution File, Format Version 12.00
# Visual Studio Version 16
VisualStudioVersion = 16.0.29613.14
MinimumVisualStudioVersion = 10.0.40219.1
Project("{9A19103F-16F7-4668-BE54-9A1E7A4F7556}") = "MvvmCross.Plugin.QrCode", "MvvmCross.Plugin.QrCode\MvvmCross.Plugin.QrCode.csproj", "{39C14EBF-729B-4A3C-AFAB-D245463249D5}"
EndProject
Project("{FAE04EC0-301F-11D3-BF4B-00C04F79EFBC}") = "MvvmCross.Plugin.QrCode.Android", "MvvmCross.Plugin.QrCode.Android\MvvmCross.Plugin.QrCode.Android.csproj", "{3EF28A31-B09D-4FA8-BCDB-6EB1EC5C3D18}"
EndProject
Project("{FAE04EC0-301F-11D3-BF4B-00C04F79EFBC}") = "MvvmCross.Plugin.QrCode.iOS", "MvvmCross.Plugin.QrCode.iOS\MvvmCross.Plugin.QrCode.iOS.csproj", "{D5085735-B1AD-4AF0-BEB7-62F759CA1048}"
EndProject
Project("{2150E333-8FDC-42A3-9474-1A3956D46DE8}") = "Samples", "Samples", "{52E0BB3E-5B7C-49DB-ABF6-FFA63BFAA934}"
EndProject
Project("{FAE04EC0-301F-11D3-BF4B-00C04F79EFBC}") = "MvxQrCode.Core", "Samples\MvxQrCode.Core\MvxQrCode.Core.csproj", "{A1BF84C5-5D99-4CD1-8773-270437A15156}"
EndProject
Project("{FAE04EC0-301F-11D3-BF4B-00C04F79EFBC}") = "MvxQrCode.Android", "Samples\MvxQrCode.Android\MvxQrCode.Android.csproj", "{9DD83764-A04A-4CC7-8D85-5FF8640EA437}"
EndProject
Project("{FAE04EC0-301F-11D3-BF4B-00C04F79EFBC}") = "MvxQrCode.iOS", "Samples\MvxQrCode.iOS\MvxQrCode.iOS.csproj", "{BD5222A2-60C3-4CF2-9776-12104BBF25F7}"
EndProject
Project("{2150E333-8FDC-42A3-9474-1A3956D46DE8}") = "Tests", "Tests", "{E1B95EE6-EAFE-4EC8-94A3-71B5075FB8A8}"
EndProject
Project("{FAE04EC0-301F-11D3-BF4B-00C04F79EFBC}") = "MvvmCross.Plugin.QrCode.UnitTest", "Tests\MvvmCross.Plugin.QrCode.UnitTest\MvvmCross.Plugin.QrCode.UnitTest.csproj", "{DC3EB5F4-897F-40A5-A13A-8FFA7592A5AD}"
EndProject
Global
	GlobalSection(SolutionConfigurationPlatforms) = preSolution
		Debug|Any CPU = Debug|Any CPU
		Debug|iPhone = Debug|iPhone
		Debug|iPhoneSimulator = Debug|iPhoneSimulator
		Release|Any CPU = Release|Any CPU
		Release|iPhone = Release|iPhone
		Release|iPhoneSimulator = Release|iPhoneSimulator
	EndGlobalSection
	GlobalSection(ProjectConfigurationPlatforms) = postSolution
		{39C14EBF-729B-4A3C-AFAB-D245463249D5}.Debug|Any CPU.ActiveCfg = Debug|Any CPU
		{39C14EBF-729B-4A3C-AFAB-D245463249D5}.Debug|Any CPU.Build.0 = Debug|Any CPU
		{39C14EBF-729B-4A3C-AFAB-D245463249D5}.Debug|iPhone.ActiveCfg = Debug|Any CPU
		{39C14EBF-729B-4A3C-AFAB-D245463249D5}.Debug|iPhone.Build.0 = Debug|Any CPU
		{39C14EBF-729B-4A3C-AFAB-D245463249D5}.Debug|iPhoneSimulator.ActiveCfg = Debug|Any CPU
		{39C14EBF-729B-4A3C-AFAB-D245463249D5}.Debug|iPhoneSimulator.Build.0 = Debug|Any CPU
		{39C14EBF-729B-4A3C-AFAB-D245463249D5}.Release|Any CPU.ActiveCfg = Release|Any CPU
		{39C14EBF-729B-4A3C-AFAB-D245463249D5}.Release|Any CPU.Build.0 = Release|Any CPU
		{39C14EBF-729B-4A3C-AFAB-D245463249D5}.Release|iPhone.ActiveCfg = Release|Any CPU
		{39C14EBF-729B-4A3C-AFAB-D245463249D5}.Release|iPhone.Build.0 = Release|Any CPU
		{39C14EBF-729B-4A3C-AFAB-D245463249D5}.Release|iPhoneSimulator.ActiveCfg = Release|Any CPU
		{39C14EBF-729B-4A3C-AFAB-D245463249D5}.Release|iPhoneSimulator.Build.0 = Release|Any CPU
		{3EF28A31-B09D-4FA8-BCDB-6EB1EC5C3D18}.Debug|Any CPU.ActiveCfg = Debug|Any CPU
		{3EF28A31-B09D-4FA8-BCDB-6EB1EC5C3D18}.Debug|Any CPU.Build.0 = Debug|Any CPU
		{3EF28A31-B09D-4FA8-BCDB-6EB1EC5C3D18}.Debug|iPhone.ActiveCfg = Debug|Any CPU
		{3EF28A31-B09D-4FA8-BCDB-6EB1EC5C3D18}.Debug|iPhone.Build.0 = Debug|Any CPU
		{3EF28A31-B09D-4FA8-BCDB-6EB1EC5C3D18}.Debug|iPhoneSimulator.ActiveCfg = Debug|Any CPU
		{3EF28A31-B09D-4FA8-BCDB-6EB1EC5C3D18}.Debug|iPhoneSimulator.Build.0 = Debug|Any CPU
		{3EF28A31-B09D-4FA8-BCDB-6EB1EC5C3D18}.Release|Any CPU.ActiveCfg = Release|Any CPU
		{3EF28A31-B09D-4FA8-BCDB-6EB1EC5C3D18}.Release|Any CPU.Build.0 = Release|Any CPU
		{3EF28A31-B09D-4FA8-BCDB-6EB1EC5C3D18}.Release|iPhone.ActiveCfg = Release|Any CPU
		{3EF28A31-B09D-4FA8-BCDB-6EB1EC5C3D18}.Release|iPhone.Build.0 = Release|Any CPU
		{3EF28A31-B09D-4FA8-BCDB-6EB1EC5C3D18}.Release|iPhoneSimulator.ActiveCfg = Release|Any CPU
		{3EF28A31-B09D-4FA8-BCDB-6EB1EC5C3D18}.Release|iPhoneSimulator.Build.0 = Release|Any CPU
		{D5085735-B1AD-4AF0-BEB7-62F759CA1048}.Debug|Any CPU.ActiveCfg = Debug|Any CPU
		{D5085735-B1AD-4AF0-BEB7-62F759CA1048}.Debug|Any CPU.Build.0 = Debug|Any CPU
		{D5085735-B1AD-4AF0-BEB7-62F759CA1048}.Debug|iPhone.ActiveCfg = Debug|Any CPU
		{D5085735-B1AD-4AF0-BEB7-62F759CA1048}.Debug|iPhone.Build.0 = Debug|Any CPU
		{D5085735-B1AD-4AF0-BEB7-62F759CA1048}.Debug|iPhoneSimulator.ActiveCfg = Debug|Any CPU
		{D5085735-B1AD-4AF0-BEB7-62F759CA1048}.Debug|iPhoneSimulator.Build.0 = Debug|Any CPU
		{D5085735-B1AD-4AF0-BEB7-62F759CA1048}.Release|Any CPU.ActiveCfg = Release|Any CPU
		{D5085735-B1AD-4AF0-BEB7-62F759CA1048}.Release|Any CPU.Build.0 = Release|Any CPU
		{D5085735-B1AD-4AF0-BEB7-62F759CA1048}.Release|iPhone.ActiveCfg = Release|Any CPU
		{D5085735-B1AD-4AF0-BEB7-62F759CA1048}.Release|iPhone.Build.0 = Release|Any CPU
		{D5085735-B1AD-4AF0-BEB7-62F759CA1048}.Release|iPhoneSimulator.ActiveCfg = Release|Any CPU
		{D5085735-B1AD-4AF0-BEB7-62F759CA1048}.Release|iPhoneSimulator.Build.0 = Release|Any CPU
		{A1BF84C5-5D99-4CD1-8773-270437A15156}.Debug|Any CPU.ActiveCfg = Debug|Any CPU
		{A1BF84C5-5D99-4CD1-8773-270437A15156}.Debug|Any CPU.Build.0 = Debug|Any CPU
		{A1BF84C5-5D99-4CD1-8773-270437A15156}.Debug|iPhone.ActiveCfg = Debug|Any CPU
		{A1BF84C5-5D99-4CD1-8773-270437A15156}.Debug|iPhone.Build.0 = Debug|Any CPU
		{A1BF84C5-5D99-4CD1-8773-270437A15156}.Debug|iPhoneSimulator.ActiveCfg = Debug|Any CPU
		{A1BF84C5-5D99-4CD1-8773-270437A15156}.Debug|iPhoneSimulator.Build.0 = Debug|Any CPU
		{A1BF84C5-5D99-4CD1-8773-270437A15156}.Release|Any CPU.ActiveCfg = Release|Any CPU
		{A1BF84C5-5D99-4CD1-8773-270437A15156}.Release|Any CPU.Build.0 = Release|Any CPU
		{A1BF84C5-5D99-4CD1-8773-270437A15156}.Release|iPhone.ActiveCfg = Release|Any CPU
		{A1BF84C5-5D99-4CD1-8773-270437A15156}.Release|iPhone.Build.0 = Release|Any CPU
		{A1BF84C5-5D99-4CD1-8773-270437A15156}.Release|iPhoneSimulator.ActiveCfg = Release|Any CPU
		{A1BF84C5-5D99-4CD1-8773-270437A15156}.Release|iPhoneSimulator.Build.0 = Release|Any CPU
		{9DD83764-A04A-4CC7-8D85-5FF8640EA437}.Debug|Any CPU.ActiveCfg = Debug|Any CPU
		{9DD83764-A04A-4CC7-8D85-5FF8640EA437}.Debug|Any CPU.Build.0 = Debug|Any CPU
		{9DD83764-A04A-4CC7-8D85-5FF8640EA437}.Debug|Any CPU.Deploy.0 = Debug|Any CPU
		{9DD83764-A04A-4CC7-8D85-5FF8640EA437}.Debug|iPhone.ActiveCfg = Debug|Any CPU
		{9DD83764-A04A-4CC7-8D85-5FF8640EA437}.Debug|iPhone.Build.0 = Debug|Any CPU
		{9DD83764-A04A-4CC7-8D85-5FF8640EA437}.Debug|iPhone.Deploy.0 = Debug|Any CPU
		{9DD83764-A04A-4CC7-8D85-5FF8640EA437}.Debug|iPhoneSimulator.ActiveCfg = Debug|Any CPU
		{9DD83764-A04A-4CC7-8D85-5FF8640EA437}.Debug|iPhoneSimulator.Build.0 = Debug|Any CPU
		{9DD83764-A04A-4CC7-8D85-5FF8640EA437}.Debug|iPhoneSimulator.Deploy.0 = Debug|Any CPU
		{9DD83764-A04A-4CC7-8D85-5FF8640EA437}.Release|Any CPU.ActiveCfg = Release|Any CPU
		{9DD83764-A04A-4CC7-8D85-5FF8640EA437}.Release|Any CPU.Build.0 = Release|Any CPU
		{9DD83764-A04A-4CC7-8D85-5FF8640EA437}.Release|Any CPU.Deploy.0 = Release|Any CPU
		{9DD83764-A04A-4CC7-8D85-5FF8640EA437}.Release|iPhone.ActiveCfg = Release|Any CPU
		{9DD83764-A04A-4CC7-8D85-5FF8640EA437}.Release|iPhone.Build.0 = Release|Any CPU
		{9DD83764-A04A-4CC7-8D85-5FF8640EA437}.Release|iPhone.Deploy.0 = Release|Any CPU
		{9DD83764-A04A-4CC7-8D85-5FF8640EA437}.Release|iPhoneSimulator.ActiveCfg = Release|Any CPU
		{9DD83764-A04A-4CC7-8D85-5FF8640EA437}.Release|iPhoneSimulator.Build.0 = Release|Any CPU
		{9DD83764-A04A-4CC7-8D85-5FF8640EA437}.Release|iPhoneSimulator.Deploy.0 = Release|Any CPU
		{BD5222A2-60C3-4CF2-9776-12104BBF25F7}.Debug|Any CPU.ActiveCfg = Debug|iPhone
		{BD5222A2-60C3-4CF2-9776-12104BBF25F7}.Debug|iPhone.ActiveCfg = Debug|iPhone
		{BD5222A2-60C3-4CF2-9776-12104BBF25F7}.Debug|iPhone.Build.0 = Debug|iPhone
		{BD5222A2-60C3-4CF2-9776-12104BBF25F7}.Debug|iPhoneSimulator.ActiveCfg = Debug|iPhoneSimulator
		{BD5222A2-60C3-4CF2-9776-12104BBF25F7}.Debug|iPhoneSimulator.Build.0 = Debug|iPhoneSimulator
		{BD5222A2-60C3-4CF2-9776-12104BBF25F7}.Release|Any CPU.ActiveCfg = Release|iPhone
		{BD5222A2-60C3-4CF2-9776-12104BBF25F7}.Release|iPhone.ActiveCfg = Release|iPhone
		{BD5222A2-60C3-4CF2-9776-12104BBF25F7}.Release|iPhone.Build.0 = Release|iPhone
		{BD5222A2-60C3-4CF2-9776-12104BBF25F7}.Release|iPhoneSimulator.ActiveCfg = Release|iPhoneSimulator
		{BD5222A2-60C3-4CF2-9776-12104BBF25F7}.Release|iPhoneSimulator.Build.0 = Release|iPhoneSimulator
		{DC3EB5F4-897F-40A5-A13A-8FFA7592A5AD}.Debug|Any CPU.ActiveCfg = Debug|Any CPU
		{DC3EB5F4-897F-40A5-A13A-8FFA7592A5AD}.Debug|Any CPU.Build.0 = Debug|Any CPU
		{DC3EB5F4-897F-40A5-A13A-8FFA7592A5AD}.Debug|iPhone.ActiveCfg = Debug|Any CPU
		{DC3EB5F4-897F-40A5-A13A-8FFA7592A5AD}.Debug|iPhone.Build.0 = Debug|Any CPU
		{DC3EB5F4-897F-40A5-A13A-8FFA7592A5AD}.Debug|iPhoneSimulator.ActiveCfg = Debug|Any CPU
		{DC3EB5F4-897F-40A5-A13A-8FFA7592A5AD}.Debug|iPhoneSimulator.Build.0 = Debug|Any CPU
		{DC3EB5F4-897F-40A5-A13A-8FFA7592A5AD}.Release|Any CPU.ActiveCfg = Release|Any CPU
		{DC3EB5F4-897F-40A5-A13A-8FFA7592A5AD}.Release|Any CPU.Build.0 = Release|Any CPU
		{DC3EB5F4-897F-40A5-A13A-8FFA7592A5AD}.Release|iPhone.ActiveCfg = Release|Any CPU
		{DC3EB5F4-897F-40A5-A13A-8FFA7592A5AD}.Release|iPhone.Build.0 = Release|Any CPU
		{DC3EB5F4-897F-40A5-A13A-8FFA7592A5AD}.Release|iPhoneSimulator.ActiveCfg = Release|Any CPU
		{DC3EB5F4-897F-40A5-A13A-8FFA7592A5AD}.Release|iPhoneSimulator.Build.0 = Release|Any CPU
	EndGlobalSection
	GlobalSection(SolutionProperties) = preSolution
		HideSolutionNode = FALSE
	EndGlobalSection
	GlobalSection(NestedProjects) = preSolution
		{A1BF84C5-5D99-4CD1-8773-270437A15156} = {52E0BB3E-5B7C-49DB-ABF6-FFA63BFAA934}
		{9DD83764-A04A-4CC7-8D85-5FF8640EA437} = {52E0BB3E-5B7C-49DB-ABF6-FFA63BFAA934}
		{BD5222A2-60C3-4CF2-9776-12104BBF25F7} = {52E0BB3E-5B7C-49DB-ABF6-FFA63BFAA934}
		{DC3EB5F4-897F-40A5-A13A-8FFA7592A5AD} = {E1B95EE6-EAFE-4EC8-94A3-71B5075FB8A8}
	EndGlobalSection
	GlobalSection(ExtensibilityGlobals) = postSolution
		SolutionGuid = {45A05830-837A-40E5-9F35-78D01F33AFCF}
	EndGlobalSection
EndGlobal
